
Microsoft Visual Studio Solution File, Format Version 12.00
# Visual Studio Version 17
VisualStudioVersion = 17.13.35818.85 d17.13
MinimumVisualStudioVersion = 10.0.40219.1
Project("{FAE04EC0-301F-11D3-BF4B-00C04F79EFBC}") = "KafkaConsumer", "KafkaConsumer\KafkaConsumer.csproj", "{7CE11D0B-7083-4CDC-9DFD-06F1D35A76EF}"
EndProject
Global
	GlobalSection(SolutionConfigurationPlatforms) = preSolution
		Debug|Any CPU = Debug|Any CPU
		Release|Any CPU = Release|Any CPU
	EndGlobalSection
	GlobalSection(ProjectConfigurationPlatforms) = postSolution
		{7CE11D0B-7083-4CDC-9DFD-06F1D35A76EF}.Debug|Any CPU.ActiveCfg = Debug|Any CPU
		{7CE11D0B-7083-4CDC-9DFD-06F1D35A76EF}.Debug|Any CPU.Build.0 = Debug|Any CPU
		{7CE11D0B-7083-4CDC-9DFD-06F1D35A76EF}.Release|Any CPU.ActiveCfg = Release|Any CPU
		{7CE11D0B-7083-4CDC-9DFD-06F1D35A76EF}.Release|Any CPU.Build.0 = Release|Any CPU
	EndGlobalSection
	GlobalSection(SolutionProperties) = preSolution
		HideSolutionNode = FALSE
	EndGlobalSection
	GlobalSection(ExtensibilityGlobals) = postSolution
		SolutionGuid = {0A0E5DB5-8B48-4D83-BF96-19E0A1FEA60A}
	EndGlobalSection
EndGlobal
